// !$*UTF8*$!
{
	archiveVersion = 1;
	classes = {
	};
	objectVersion = 77;
	objects = {

/* Begin PBXBuildFile section */
		6141958A2EB2B2C900667EA2 /* FirebaseAI in Frameworks */ = {isa = PBXBuildFile; productRef = 614195892EB2B2C900667EA2 /* FirebaseAI */; };
		6141958C2EB2B2C900667EA2 /* FirebaseAILogic in Frameworks */ = {isa = PBXBuildFile; productRef = 6141958B2EB2B2C900667EA2 /* FirebaseAILogic */; };
		6141958E2EB2B2C900667EA2 /* FirebaseAnalytics in Frameworks */ = {isa = PBXBuildFile; productRef = 6141958D2EB2B2C900667EA2 /* FirebaseAnalytics */; };
		614195902EB2B2C900667EA2 /* FirebaseAnalyticsCore in Frameworks */ = {isa = PBXBuildFile; productRef = 6141958F2EB2B2C900667EA2 /* FirebaseAnalyticsCore */; };
		614195922EB2B2C900667EA2 /* FirebaseAnalyticsIdentitySupport in Frameworks */ = {isa = PBXBuildFile; productRef = 614195912EB2B2C900667EA2 /* FirebaseAnalyticsIdentitySupport */; };
		614195942EB2B67D00667EA2 /* FirebaseAppCheck in Frameworks */ = {isa = PBXBuildFile; productRef = 614195932EB2B67D00667EA2 /* FirebaseAppCheck */; };
		614195962EB2B67D00667EA2 /* FirebaseAppDistribution-Beta in Frameworks */ = {isa = PBXBuildFile; productRef = 614195952EB2B67D00667EA2 /* FirebaseAppDistribution-Beta */; };
		614195982EB2B67D00667EA2 /* FirebaseAuth in Frameworks */ = {isa = PBXBuildFile; productRef = 614195972EB2B67D00667EA2 /* FirebaseAuth */; };
		6141959A2EB2B67D00667EA2 /* FirebaseAuthCombine-Community in Frameworks */ = {isa = PBXBuildFile; productRef = 614195992EB2B67D00667EA2 /* FirebaseAuthCombine-Community */; };
		6141959C2EB2B67D00667EA2 /* FirebaseCore in Frameworks */ = {isa = PBXBuildFile; productRef = 6141959B2EB2B67D00667EA2 /* FirebaseCore */; };
		6141959E2EB2B67D00667EA2 /* FirebaseCrashlytics in Frameworks */ = {isa = PBXBuildFile; productRef = 6141959D2EB2B67D00667EA2 /* FirebaseCrashlytics */; };
		614195A02EB2B67D00667EA2 /* FirebaseDatabase in Frameworks */ = {isa = PBXBuildFile; productRef = 6141959F2EB2B67D00667EA2 /* FirebaseDatabase */; };
		614195A22EB2B67D00667EA2 /* FirebaseFirestore in Frameworks */ = {isa = PBXBuildFile; productRef = 614195A12EB2B67D00667EA2 /* FirebaseFirestore */; };
		614195A42EB2B67D00667EA2 /* FirebaseFirestoreCombine-Community in Frameworks */ = {isa = PBXBuildFile; productRef = 614195A32EB2B67D00667EA2 /* FirebaseFirestoreCombine-Community */; };
		614195A62EB2B67D00667EA2 /* FirebaseFunctions in Frameworks */ = {isa = PBXBuildFile; productRef = 614195A52EB2B67D00667EA2 /* FirebaseFunctions */; };
		614195A82EB2B67D00667EA2 /* FirebaseFunctionsCombine-Community in Frameworks */ = {isa = PBXBuildFile; productRef = 614195A72EB2B67D00667EA2 /* FirebaseFunctionsCombine-Community */; };
		614195AA2EB2B67D00667EA2 /* FirebaseInAppMessaging-Beta in Frameworks */ = {isa = PBXBuildFile; productRef = 614195A92EB2B67D00667EA2 /* FirebaseInAppMessaging-Beta */; };
		614195AC2EB2B67D00667EA2 /* FirebaseInstallations in Frameworks */ = {isa = PBXBuildFile; productRef = 614195AB2EB2B67D00667EA2 /* FirebaseInstallations */; };
		614195AE2EB2B67D00667EA2 /* FirebaseMLModelDownloader in Frameworks */ = {isa = PBXBuildFile; productRef = 614195AD2EB2B67D00667EA2 /* FirebaseMLModelDownloader */; };
		614195B02EB2B67D00667EA2 /* FirebaseMessaging in Frameworks */ = {isa = PBXBuildFile; productRef = 614195AF2EB2B67D00667EA2 /* FirebaseMessaging */; };
		614195B22EB2B67D00667EA2 /* FirebasePerformance in Frameworks */ = {isa = PBXBuildFile; productRef = 614195B12EB2B67D00667EA2 /* FirebasePerformance */; };
		614195B42EB2B67D00667EA2 /* FirebaseRemoteConfig in Frameworks */ = {isa = PBXBuildFile; productRef = 614195B32EB2B67D00667EA2 /* FirebaseRemoteConfig */; };
		614195B62EB2B67D00667EA2 /* FirebaseStorage in Frameworks */ = {isa = PBXBuildFile; productRef = 614195B52EB2B67D00667EA2 /* FirebaseStorage */; };
		614195B82EB2B67D00667EA2 /* FirebaseStorageCombine-Community in Frameworks */ = {isa = PBXBuildFile; productRef = 614195B72EB2B67D00667EA2 /* FirebaseStorageCombine-Community */; };
		7377CDB92ECE5B57000537E1 /* ScanbotBarcodeScannerSDK in Frameworks */ = {isa = PBXBuildFile; productRef = 7377CDB82ECE5B57000537E1 /* ScanbotBarcodeScannerSDK */; };
		828B200D2ECCF24700049D12 /* FirebaseFirestore in Frameworks */ = {isa = PBXBuildFile; productRef = 828B200C2ECCF24700049D12 /* FirebaseFirestore */; };
		828B200F2ECCF24700049D12 /* FirebaseFirestoreCombine-Community in Frameworks */ = {isa = PBXBuildFile; productRef = 828B200E2ECCF24700049D12 /* FirebaseFirestoreCombine-Community */; };
		828B20112ECCF3ED00049D12 /* FirebaseAuth in Frameworks */ = {isa = PBXBuildFile; productRef = 828B20102ECCF3ED00049D12 /* FirebaseAuth */; };
		828B20132ECCF3ED00049D12 /* FirebaseAuthCombine-Community in Frameworks */ = {isa = PBXBuildFile; productRef = 828B20122ECCF3ED00049D12 /* FirebaseAuthCombine-Community */; };
/* End PBXBuildFile section */

/* Begin PBXContainerItemProxy section */
		82017E1F2E95D5C300DB07DF /* PBXContainerItemProxy */ = {
			isa = PBXContainerItemProxy;
			containerPortal = 82017E092E95D5C200DB07DF /* Project object */;
			proxyType = 1;
			remoteGlobalIDString = 82017E102E95D5C200DB07DF;
			remoteInfo = "COOK!";
		};
		82017E292E95D5C300DB07DF /* PBXContainerItemProxy */ = {
			isa = PBXContainerItemProxy;
			containerPortal = 82017E092E95D5C200DB07DF /* Project object */;
			proxyType = 1;
			remoteGlobalIDString = 82017E102E95D5C200DB07DF;
			remoteInfo = "COOK!";
		};
/* End PBXContainerItemProxy section */

/* Begin PBXFileReference section */
		82017E112E95D5C200DB07DF /* COOK!.app */ = {isa = PBXFileReference; explicitFileType = wrapper.application; includeInIndex = 0; path = "COOK!.app"; sourceTree = BUILT_PRODUCTS_DIR; };
		82017E1E2E95D5C300DB07DF /* COOK!Tests.xctest */ = {isa = PBXFileReference; explicitFileType = wrapper.cfbundle; includeInIndex = 0; path = "COOK!Tests.xctest"; sourceTree = BUILT_PRODUCTS_DIR; };
		82017E282E95D5C300DB07DF /* COOK!UITests.xctest */ = {isa = PBXFileReference; explicitFileType = wrapper.cfbundle; includeInIndex = 0; path = "COOK!UITests.xctest"; sourceTree = BUILT_PRODUCTS_DIR; };
/* End PBXFileReference section */

/* Begin PBXFileSystemSynchronizedBuildFileExceptionSet section */
		7377CDBF2ECE6058000537E1 /* Exceptions for "COOK!" folder in "COOK!" target */ = {
			isa = PBXFileSystemSynchronizedBuildFileExceptionSet;
			membershipExceptions = (
				Info.plist,
			);
			target = 82017E102E95D5C200DB07DF /* COOK! */;
		};
/* End PBXFileSystemSynchronizedBuildFileExceptionSet section */

/* Begin PBXFileSystemSynchronizedRootGroup section */
		82017E132E95D5C200DB07DF /* COOK! */ = {
			isa = PBXFileSystemSynchronizedRootGroup;
			exceptions = (
				7377CDBF2ECE6058000537E1 /* Exceptions for "COOK!" folder in "COOK!" target */,
			);
			path = "COOK!";
			sourceTree = "<group>";
		};
		82017E212E95D5C300DB07DF /* COOK!Tests */ = {
			isa = PBXFileSystemSynchronizedRootGroup;
			path = "COOK!Tests";
			sourceTree = "<group>";
		};
		82017E2B2E95D5C300DB07DF /* COOK!UITests */ = {
			isa = PBXFileSystemSynchronizedRootGroup;
			path = "COOK!UITests";
			sourceTree = "<group>";
		};
/* End PBXFileSystemSynchronizedRootGroup section */

/* Begin PBXFrameworksBuildPhase section */
		82017E0E2E95D5C200DB07DF /* Frameworks */ = {
			isa = PBXFrameworksBuildPhase;
			buildActionMask = 2147483647;
			files = (
				828B200D2ECCF24700049D12 /* FirebaseFirestore in Frameworks */,
				828B20112ECCF3ED00049D12 /* FirebaseAuth in Frameworks */,
				828B200F2ECCF24700049D12 /* FirebaseFirestoreCombine-Community in Frameworks */,
				828B20132ECCF3ED00049D12 /* FirebaseAuthCombine-Community in Frameworks */,
				614195962EB2B67D00667EA2 /* FirebaseAppDistribution-Beta in Frameworks */,
				614195A22EB2B67D00667EA2 /* FirebaseFirestore in Frameworks */,
				6141959A2EB2B67D00667EA2 /* FirebaseAuthCombine-Community in Frameworks */,
				614195AC2EB2B67D00667EA2 /* FirebaseInstallations in Frameworks */,
				6141958C2EB2B2C900667EA2 /* FirebaseAILogic in Frameworks */,
				614195922EB2B2C900667EA2 /* FirebaseAnalyticsIdentitySupport in Frameworks */,
				614195AA2EB2B67D00667EA2 /* FirebaseInAppMessaging-Beta in Frameworks */,
				6141958A2EB2B2C900667EA2 /* FirebaseAI in Frameworks */,
				6141959E2EB2B67D00667EA2 /* FirebaseCrashlytics in Frameworks */,
				614195A82EB2B67D00667EA2 /* FirebaseFunctionsCombine-Community in Frameworks */,
				614195B82EB2B67D00667EA2 /* FirebaseStorageCombine-Community in Frameworks */,
				614195A02EB2B67D00667EA2 /* FirebaseDatabase in Frameworks */,
				614195B62EB2B67D00667EA2 /* FirebaseStorage in Frameworks */,
				614195B42EB2B67D00667EA2 /* FirebaseRemoteConfig in Frameworks */,
				6141958E2EB2B2C900667EA2 /* FirebaseAnalytics in Frameworks */,
				614195B02EB2B67D00667EA2 /* FirebaseMessaging in Frameworks */,
				614195AE2EB2B67D00667EA2 /* FirebaseMLModelDownloader in Frameworks */,
				614195B22EB2B67D00667EA2 /* FirebasePerformance in Frameworks */,
				6141959C2EB2B67D00667EA2 /* FirebaseCore in Frameworks */,
				614195942EB2B67D00667EA2 /* FirebaseAppCheck in Frameworks */,
				614195902EB2B2C900667EA2 /* FirebaseAnalyticsCore in Frameworks */,
				614195A62EB2B67D00667EA2 /* FirebaseFunctions in Frameworks */,
				614195982EB2B67D00667EA2 /* FirebaseAuth in Frameworks */,
				7377CDB92ECE5B57000537E1 /* ScanbotBarcodeScannerSDK in Frameworks */,
				614195A42EB2B67D00667EA2 /* FirebaseFirestoreCombine-Community in Frameworks */,
			);
			runOnlyForDeploymentPostprocessing = 0;
		};
		82017E1B2E95D5C300DB07DF /* Frameworks */ = {
			isa = PBXFrameworksBuildPhase;
			buildActionMask = 2147483647;
			files = (
			);
			runOnlyForDeploymentPostprocessing = 0;
		};
		82017E252E95D5C300DB07DF /* Frameworks */ = {
			isa = PBXFrameworksBuildPhase;
			buildActionMask = 2147483647;
			files = (
			);
			runOnlyForDeploymentPostprocessing = 0;
		};
/* End PBXFrameworksBuildPhase section */

/* Begin PBXGroup section */
		82017E082E95D5C200DB07DF = {
			isa = PBXGroup;
			children = (
				82017E132E95D5C200DB07DF /* COOK! */,
				82017E212E95D5C300DB07DF /* COOK!Tests */,
				82017E2B2E95D5C300DB07DF /* COOK!UITests */,
				82017E122E95D5C200DB07DF /* Products */,
			);
			sourceTree = "<group>";
		};
		82017E122E95D5C200DB07DF /* Products */ = {
			isa = PBXGroup;
			children = (
				82017E112E95D5C200DB07DF /* COOK!.app */,
				82017E1E2E95D5C300DB07DF /* COOK!Tests.xctest */,
				82017E282E95D5C300DB07DF /* COOK!UITests.xctest */,
			);
			name = Products;
			sourceTree = "<group>";
		};
/* End PBXGroup section */

/* Begin PBXNativeTarget section */
		82017E102E95D5C200DB07DF /* COOK! */ = {
			isa = PBXNativeTarget;
			buildConfigurationList = 82017E322E95D5C300DB07DF /* Build configuration list for PBXNativeTarget "COOK!" */;
			buildPhases = (
				82017E0D2E95D5C200DB07DF /* Sources */,
				82017E0E2E95D5C200DB07DF /* Frameworks */,
				82017E0F2E95D5C200DB07DF /* Resources */,
			);
			buildRules = (
			);
			dependencies = (
			);
			fileSystemSynchronizedGroups = (
				82017E132E95D5C200DB07DF /* COOK! */,
			);
			name = "COOK!";
			packageProductDependencies = (
				828B200C2ECCF24700049D12 /* FirebaseFirestore */,
				828B200E2ECCF24700049D12 /* FirebaseFirestoreCombine-Community */,
				828B20102ECCF3ED00049D12 /* FirebaseAuth */,
				828B20122ECCF3ED00049D12 /* FirebaseAuthCombine-Community */,
				614195892EB2B2C900667EA2 /* FirebaseAI */,
				6141958B2EB2B2C900667EA2 /* FirebaseAILogic */,
				6141958D2EB2B2C900667EA2 /* FirebaseAnalytics */,
				6141958F2EB2B2C900667EA2 /* FirebaseAnalyticsCore */,
				614195912EB2B2C900667EA2 /* FirebaseAnalyticsIdentitySupport */,
				614195932EB2B67D00667EA2 /* FirebaseAppCheck */,
				614195952EB2B67D00667EA2 /* FirebaseAppDistribution-Beta */,
				614195972EB2B67D00667EA2 /* FirebaseAuth */,
				614195992EB2B67D00667EA2 /* FirebaseAuthCombine-Community */,
				6141959B2EB2B67D00667EA2 /* FirebaseCore */,
				6141959D2EB2B67D00667EA2 /* FirebaseCrashlytics */,
				6141959F2EB2B67D00667EA2 /* FirebaseDatabase */,
				614195A12EB2B67D00667EA2 /* FirebaseFirestore */,
				614195A32EB2B67D00667EA2 /* FirebaseFirestoreCombine-Community */,
				614195A52EB2B67D00667EA2 /* FirebaseFunctions */,
				614195A72EB2B67D00667EA2 /* FirebaseFunctionsCombine-Community */,
				614195A92EB2B67D00667EA2 /* FirebaseInAppMessaging-Beta */,
				614195AB2EB2B67D00667EA2 /* FirebaseInstallations */,
				614195AD2EB2B67D00667EA2 /* FirebaseMLModelDownloader */,
				614195AF2EB2B67D00667EA2 /* FirebaseMessaging */,
				614195B12EB2B67D00667EA2 /* FirebasePerformance */,
				614195B32EB2B67D00667EA2 /* FirebaseRemoteConfig */,
				614195B52EB2B67D00667EA2 /* FirebaseStorage */,
				614195B72EB2B67D00667EA2 /* FirebaseStorageCombine-Community */,
				7377CDB82ECE5B57000537E1 /* ScanbotBarcodeScannerSDK */,
			);
			productName = "COOK!";
			productReference = 82017E112E95D5C200DB07DF /* COOK!.app */;
			productType = "com.apple.product-type.application";
		};
		82017E1D2E95D5C300DB07DF /* COOK!Tests */ = {
			isa = PBXNativeTarget;
			buildConfigurationList = 82017E352E95D5C300DB07DF /* Build configuration list for PBXNativeTarget "COOK!Tests" */;
			buildPhases = (
				82017E1A2E95D5C300DB07DF /* Sources */,
				82017E1B2E95D5C300DB07DF /* Frameworks */,
				82017E1C2E95D5C300DB07DF /* Resources */,
			);
			buildRules = (
			);
			dependencies = (
				82017E202E95D5C300DB07DF /* PBXTargetDependency */,
			);
			fileSystemSynchronizedGroups = (
				82017E212E95D5C300DB07DF /* COOK!Tests */,
			);
			name = "COOK!Tests";
			packageProductDependencies = (
			);
			productName = "COOK!Tests";
			productReference = 82017E1E2E95D5C300DB07DF /* COOK!Tests.xctest */;
			productType = "com.apple.product-type.bundle.unit-test";
		};
		82017E272E95D5C300DB07DF /* COOK!UITests */ = {
			isa = PBXNativeTarget;
			buildConfigurationList = 82017E382E95D5C300DB07DF /* Build configuration list for PBXNativeTarget "COOK!UITests" */;
			buildPhases = (
				82017E242E95D5C300DB07DF /* Sources */,
				82017E252E95D5C300DB07DF /* Frameworks */,
				82017E262E95D5C300DB07DF /* Resources */,
			);
			buildRules = (
			);
			dependencies = (
				82017E2A2E95D5C300DB07DF /* PBXTargetDependency */,
			);
			fileSystemSynchronizedGroups = (
				82017E2B2E95D5C300DB07DF /* COOK!UITests */,
			);
			name = "COOK!UITests";
			packageProductDependencies = (
			);
			productName = "COOK!UITests";
			productReference = 82017E282E95D5C300DB07DF /* COOK!UITests.xctest */;
			productType = "com.apple.product-type.bundle.ui-testing";
		};
/* End PBXNativeTarget section */

/* Begin PBXProject section */
		82017E092E95D5C200DB07DF /* Project object */ = {
			isa = PBXProject;
			attributes = {
				BuildIndependentTargetsInParallel = 1;
				LastSwiftUpdateCheck = 2600;
				LastUpgradeCheck = 2600;
				TargetAttributes = {
					82017E102E95D5C200DB07DF = {
						CreatedOnToolsVersion = 26.0.1;
					};
					82017E1D2E95D5C300DB07DF = {
						CreatedOnToolsVersion = 26.0.1;
						TestTargetID = 82017E102E95D5C200DB07DF;
					};
					82017E272E95D5C300DB07DF = {
						CreatedOnToolsVersion = 26.0.1;
						TestTargetID = 82017E102E95D5C200DB07DF;
					};
				};
			};
			buildConfigurationList = 82017E0C2E95D5C200DB07DF /* Build configuration list for PBXProject "COOK!" */;
			developmentRegion = en;
			hasScannedForEncodings = 0;
			knownRegions = (
				en,
				Base,
			);
			mainGroup = 82017E082E95D5C200DB07DF;
			minimizedProjectReferenceProxies = 1;
			packageReferences = (
				6141955D2EB2B13500667EA2 /* XCRemoteSwiftPackageReference "firebase-ios-sdk" */,
				7377CDB72ECE5B57000537E1 /* XCRemoteSwiftPackageReference "scanbot-barcode-scanner-sdk-ios-spm" */,
			);
			preferredProjectObjectVersion = 77;
			productRefGroup = 82017E122E95D5C200DB07DF /* Products */;
			projectDirPath = "";
			projectRoot = "";
			targets = (
				82017E102E95D5C200DB07DF /* COOK! */,
				82017E1D2E95D5C300DB07DF /* COOK!Tests */,
				82017E272E95D5C300DB07DF /* COOK!UITests */,
			);
		};
/* End PBXProject section */

/* Begin PBXResourcesBuildPhase section */
		82017E0F2E95D5C200DB07DF /* Resources */ = {
			isa = PBXResourcesBuildPhase;
			buildActionMask = 2147483647;
			files = (
			);
			runOnlyForDeploymentPostprocessing = 0;
		};
		82017E1C2E95D5C300DB07DF /* Resources */ = {
			isa = PBXResourcesBuildPhase;
			buildActionMask = 2147483647;
			files = (
			);
			runOnlyForDeploymentPostprocessing = 0;
		};
		82017E262E95D5C300DB07DF /* Resources */ = {
			isa = PBXResourcesBuildPhase;
			buildActionMask = 2147483647;
			files = (
			);
			runOnlyForDeploymentPostprocessing = 0;
		};
/* End PBXResourcesBuildPhase section */

/* Begin PBXSourcesBuildPhase section */
		82017E0D2E95D5C200DB07DF /* Sources */ = {
			isa = PBXSourcesBuildPhase;
			buildActionMask = 2147483647;
			files = (
			);
			runOnlyForDeploymentPostprocessing = 0;
		};
		82017E1A2E95D5C300DB07DF /* Sources */ = {
			isa = PBXSourcesBuildPhase;
			buildActionMask = 2147483647;
			files = (
			);
			runOnlyForDeploymentPostprocessing = 0;
		};
		82017E242E95D5C300DB07DF /* Sources */ = {
			isa = PBXSourcesBuildPhase;
			buildActionMask = 2147483647;
			files = (
			);
			runOnlyForDeploymentPostprocessing = 0;
		};
/* End PBXSourcesBuildPhase section */

/* Begin PBXTargetDependency section */
		82017E202E95D5C300DB07DF /* PBXTargetDependency */ = {
			isa = PBXTargetDependency;
			target = 82017E102E95D5C200DB07DF /* COOK! */;
			targetProxy = 82017E1F2E95D5C300DB07DF /* PBXContainerItemProxy */;
		};
		82017E2A2E95D5C300DB07DF /* PBXTargetDependency */ = {
			isa = PBXTargetDependency;
			target = 82017E102E95D5C200DB07DF /* COOK! */;
			targetProxy = 82017E292E95D5C300DB07DF /* PBXContainerItemProxy */;
		};
/* End PBXTargetDependency section */

/* Begin XCBuildConfiguration section */
		82017E302E95D5C300DB07DF /* Debug */ = {
			isa = XCBuildConfiguration;
			buildSettings = {
				ALWAYS_SEARCH_USER_PATHS = NO;
				ASSETCATALOG_COMPILER_GENERATE_SWIFT_ASSET_SYMBOL_EXTENSIONS = YES;
				CLANG_ANALYZER_NONNULL = YES;
				CLANG_ANALYZER_NUMBER_OBJECT_CONVERSION = YES_AGGRESSIVE;
				CLANG_CXX_LANGUAGE_STANDARD = "gnu++20";
				CLANG_ENABLE_MODULES = YES;
				CLANG_ENABLE_OBJC_ARC = YES;
				CLANG_ENABLE_OBJC_WEAK = YES;
				CLANG_WARN_BLOCK_CAPTURE_AUTORELEASING = YES;
				CLANG_WARN_BOOL_CONVERSION = YES;
				CLANG_WARN_COMMA = YES;
				CLANG_WARN_CONSTANT_CONVERSION = YES;
				CLANG_WARN_DEPRECATED_OBJC_IMPLEMENTATIONS = YES;
				CLANG_WARN_DIRECT_OBJC_ISA_USAGE = YES_ERROR;
				CLANG_WARN_DOCUMENTATION_COMMENTS = YES;
				CLANG_WARN_EMPTY_BODY = YES;
				CLANG_WARN_ENUM_CONVERSION = YES;
				CLANG_WARN_INFINITE_RECURSION = YES;
				CLANG_WARN_INT_CONVERSION = YES;
				CLANG_WARN_NON_LITERAL_NULL_CONVERSION = YES;
				CLANG_WARN_OBJC_IMPLICIT_RETAIN_SELF = YES;
				CLANG_WARN_OBJC_LITERAL_CONVERSION = YES;
				CLANG_WARN_OBJC_ROOT_CLASS = YES_ERROR;
				CLANG_WARN_QUOTED_INCLUDE_IN_FRAMEWORK_HEADER = YES;
				CLANG_WARN_RANGE_LOOP_ANALYSIS = YES;
				CLANG_WARN_STRICT_PROTOTYPES = YES;
				CLANG_WARN_SUSPICIOUS_MOVE = YES;
				CLANG_WARN_UNGUARDED_AVAILABILITY = YES_AGGRESSIVE;
				CLANG_WARN_UNREACHABLE_CODE = YES;
				CLANG_WARN__DUPLICATE_METHOD_MATCH = YES;
				COPY_PHASE_STRIP = NO;
				DEBUG_INFORMATION_FORMAT = dwarf;
				DEVELOPMENT_TEAM = F6NHNHM557;
				ENABLE_STRICT_OBJC_MSGSEND = YES;
				ENABLE_TESTABILITY = YES;
				ENABLE_USER_SCRIPT_SANDBOXING = YES;
				GCC_C_LANGUAGE_STANDARD = gnu17;
				GCC_DYNAMIC_NO_PIC = NO;
				GCC_NO_COMMON_BLOCKS = YES;
				GCC_OPTIMIZATION_LEVEL = 0;
				GCC_PREPROCESSOR_DEFINITIONS = (
					"DEBUG=1",
					"$(inherited)",
				);
				GCC_WARN_64_TO_32_BIT_CONVERSION = YES;
				GCC_WARN_ABOUT_RETURN_TYPE = YES_ERROR;
				GCC_WARN_UNDECLARED_SELECTOR = YES;
				GCC_WARN_UNINITIALIZED_AUTOS = YES_AGGRESSIVE;
				GCC_WARN_UNUSED_FUNCTION = YES;
				GCC_WARN_UNUSED_VARIABLE = YES;
				IPHONEOS_DEPLOYMENT_TARGET = 26.0;
				LOCALIZATION_PREFERS_STRING_CATALOGS = YES;
				MTL_ENABLE_DEBUG_INFO = INCLUDE_SOURCE;
				MTL_FAST_MATH = YES;
				ONLY_ACTIVE_ARCH = YES;
				SDKROOT = iphoneos;
				SWIFT_ACTIVE_COMPILATION_CONDITIONS = "DEBUG $(inherited)";
				SWIFT_OPTIMIZATION_LEVEL = "-Onone";
			};
			name = Debug;
		};
		82017E312E95D5C300DB07DF /* Release */ = {
			isa = XCBuildConfiguration;
			buildSettings = {
				ALWAYS_SEARCH_USER_PATHS = NO;
				ASSETCATALOG_COMPILER_GENERATE_SWIFT_ASSET_SYMBOL_EXTENSIONS = YES;
				CLANG_ANALYZER_NONNULL = YES;
				CLANG_ANALYZER_NUMBER_OBJECT_CONVERSION = YES_AGGRESSIVE;
				CLANG_CXX_LANGUAGE_STANDARD = "gnu++20";
				CLANG_ENABLE_MODULES = YES;
				CLANG_ENABLE_OBJC_ARC = YES;
				CLANG_ENABLE_OBJC_WEAK = YES;
				CLANG_WARN_BLOCK_CAPTURE_AUTORELEASING = YES;
				CLANG_WARN_BOOL_CONVERSION = YES;
				CLANG_WARN_COMMA = YES;
				CLANG_WARN_CONSTANT_CONVERSION = YES;
				CLANG_WARN_DEPRECATED_OBJC_IMPLEMENTATIONS = YES;
				CLANG_WARN_DIRECT_OBJC_ISA_USAGE = YES_ERROR;
				CLANG_WARN_DOCUMENTATION_COMMENTS = YES;
				CLANG_WARN_EMPTY_BODY = YES;
				CLANG_WARN_ENUM_CONVERSION = YES;
				CLANG_WARN_INFINITE_RECURSION = YES;
				CLANG_WARN_INT_CONVERSION = YES;
				CLANG_WARN_NON_LITERAL_NULL_CONVERSION = YES;
				CLANG_WARN_OBJC_IMPLICIT_RETAIN_SELF = YES;
				CLANG_WARN_OBJC_LITERAL_CONVERSION = YES;
				CLANG_WARN_OBJC_ROOT_CLASS = YES_ERROR;
				CLANG_WARN_QUOTED_INCLUDE_IN_FRAMEWORK_HEADER = YES;
				CLANG_WARN_RANGE_LOOP_ANALYSIS = YES;
				CLANG_WARN_STRICT_PROTOTYPES = YES;
				CLANG_WARN_SUSPICIOUS_MOVE = YES;
				CLANG_WARN_UNGUARDED_AVAILABILITY = YES_AGGRESSIVE;
				CLANG_WARN_UNREACHABLE_CODE = YES;
				CLANG_WARN__DUPLICATE_METHOD_MATCH = YES;
				COPY_PHASE_STRIP = NO;
				DEBUG_INFORMATION_FORMAT = "dwarf-with-dsym";
				DEVELOPMENT_TEAM = F6NHNHM557;
				ENABLE_NS_ASSERTIONS = NO;
				ENABLE_STRICT_OBJC_MSGSEND = YES;
				ENABLE_USER_SCRIPT_SANDBOXING = YES;
				GCC_C_LANGUAGE_STANDARD = gnu17;
				GCC_NO_COMMON_BLOCKS = YES;
				GCC_WARN_64_TO_32_BIT_CONVERSION = YES;
				GCC_WARN_ABOUT_RETURN_TYPE = YES_ERROR;
				GCC_WARN_UNDECLARED_SELECTOR = YES;
				GCC_WARN_UNINITIALIZED_AUTOS = YES_AGGRESSIVE;
				GCC_WARN_UNUSED_FUNCTION = YES;
				GCC_WARN_UNUSED_VARIABLE = YES;
				IPHONEOS_DEPLOYMENT_TARGET = 26.0;
				LOCALIZATION_PREFERS_STRING_CATALOGS = YES;
				MTL_ENABLE_DEBUG_INFO = NO;
				MTL_FAST_MATH = YES;
				SDKROOT = iphoneos;
				SWIFT_COMPILATION_MODE = wholemodule;
				VALIDATE_PRODUCT = YES;
			};
			name = Release;
		};
		82017E332E95D5C300DB07DF /* Debug */ = {
			isa = XCBuildConfiguration;
			buildSettings = {
				ASSETCATALOG_COMPILER_APPICON_NAME = AppIcon;
				ASSETCATALOG_COMPILER_GLOBAL_ACCENT_COLOR_NAME = AccentColor;
				CODE_SIGN_STYLE = Automatic;
				CURRENT_PROJECT_VERSION = 1;
				DEVELOPMENT_TEAM = F6NHNHM557;
				ENABLE_PREVIEWS = YES;
				GENERATE_INFOPLIST_FILE = NO;
				INFOPLIST_FILE = Info.plist;
				INFOPLIST_KEY_UIApplicationSceneManifest_Generation = YES;
				INFOPLIST_KEY_UIApplicationSupportsIndirectInputEvents = YES;
				INFOPLIST_KEY_UILaunchScreen_Generation = YES;
				INFOPLIST_KEY_UILaunchStoryboardName = LaunchScreen.storyboard;
				INFOPLIST_KEY_UISupportedInterfaceOrientations_iPad = "UIInterfaceOrientationPortrait UIInterfaceOrientationPortraitUpsideDown UIInterfaceOrientationLandscapeLeft UIInterfaceOrientationLandscapeRight";
				INFOPLIST_KEY_UISupportedInterfaceOrientations_iPhone = "UIInterfaceOrientationPortrait UIInterfaceOrientationLandscapeLeft UIInterfaceOrientationLandscapeRight";
				IPHONEOS_DEPLOYMENT_TARGET = 18.5;
				LD_RUNPATH_SEARCH_PATHS = (
					"$(inherited)",
					"@executable_path/Frameworks",
				);
				MARKETING_VERSION = 1.0;
				PRODUCT_BUNDLE_IDENTIFIER = "name.colinbutera.COOK-";
				PRODUCT_NAME = "$(TARGET_NAME)";
				STRING_CATALOG_GENERATE_SYMBOLS = YES;
				SWIFT_APPROACHABLE_CONCURRENCY = YES;
				SWIFT_DEFAULT_ACTOR_ISOLATION = MainActor;
				SWIFT_EMIT_LOC_STRINGS = YES;
				SWIFT_UPCOMING_FEATURE_MEMBER_IMPORT_VISIBILITY = YES;
				SWIFT_VERSION = 5.0;
				TARGETED_DEVICE_FAMILY = "1,2";
			};
			name = Debug;
		};
		82017E342E95D5C300DB07DF /* Release */ = {
			isa = XCBuildConfiguration;
			buildSettings = {
				ASSETCATALOG_COMPILER_APPICON_NAME = AppIcon;
				ASSETCATALOG_COMPILER_GLOBAL_ACCENT_COLOR_NAME = AccentColor;
				CODE_SIGN_STYLE = Automatic;
				CURRENT_PROJECT_VERSION = 1;
				DEVELOPMENT_TEAM = F6NHNHM557;
				ENABLE_PREVIEWS = YES;
				GENERATE_INFOPLIST_FILE = NO;
				INFOPLIST_FILE = Info.plist;
				INFOPLIST_KEY_UIApplicationSceneManifest_Generation = YES;
				INFOPLIST_KEY_UIApplicationSupportsIndirectInputEvents = YES;
				INFOPLIST_KEY_UILaunchScreen_Generation = YES;
				INFOPLIST_KEY_UILaunchStoryboardName = LaunchScreen.storyboard;
				INFOPLIST_KEY_UISupportedInterfaceOrientations_iPad = "UIInterfaceOrientationPortrait UIInterfaceOrientationPortraitUpsideDown UIInterfaceOrientationLandscapeLeft UIInterfaceOrientationLandscapeRight";
				INFOPLIST_KEY_UISupportedInterfaceOrientations_iPhone = "UIInterfaceOrientationPortrait UIInterfaceOrientationLandscapeLeft UIInterfaceOrientationLandscapeRight";
				IPHONEOS_DEPLOYMENT_TARGET = 18.5;
				LD_RUNPATH_SEARCH_PATHS = (
					"$(inherited)",
					"@executable_path/Frameworks",
				);
				MARKETING_VERSION = 1.0;
				PRODUCT_BUNDLE_IDENTIFIER = "name.colinbutera.COOK-";
				PRODUCT_NAME = "$(TARGET_NAME)";
				STRING_CATALOG_GENERATE_SYMBOLS = YES;
				SWIFT_APPROACHABLE_CONCURRENCY = YES;
				SWIFT_DEFAULT_ACTOR_ISOLATION = MainActor;
				SWIFT_EMIT_LOC_STRINGS = YES;
				SWIFT_UPCOMING_FEATURE_MEMBER_IMPORT_VISIBILITY = YES;
				SWIFT_VERSION = 5.0;
				TARGETED_DEVICE_FAMILY = "1,2";
			};
			name = Release;
		};
		82017E362E95D5C300DB07DF /* Debug */ = {
			isa = XCBuildConfiguration;
			buildSettings = {
				BUNDLE_LOADER = "$(TEST_HOST)";
				CODE_SIGN_STYLE = Automatic;
				CURRENT_PROJECT_VERSION = 1;
				DEVELOPMENT_TEAM = F6NHNHM557;
				GENERATE_INFOPLIST_FILE = YES;
				IPHONEOS_DEPLOYMENT_TARGET = 26.0;
				MARKETING_VERSION = 1.0;
				PRODUCT_BUNDLE_IDENTIFIER = "name.colinbutera.COOK-Tests";
				PRODUCT_NAME = "$(TARGET_NAME)";
				STRING_CATALOG_GENERATE_SYMBOLS = NO;
				SWIFT_APPROACHABLE_CONCURRENCY = YES;
				SWIFT_EMIT_LOC_STRINGS = NO;
				SWIFT_UPCOMING_FEATURE_MEMBER_IMPORT_VISIBILITY = YES;
				SWIFT_VERSION = 5.0;
				TARGETED_DEVICE_FAMILY = "1,2";
				TEST_HOST = "$(BUILT_PRODUCTS_DIR)/COOK!.app/$(BUNDLE_EXECUTABLE_FOLDER_PATH)/COOK!";
			};
			name = Debug;
		};
		82017E372E95D5C300DB07DF /* Release */ = {
			isa = XCBuildConfiguration;
			buildSettings = {
				BUNDLE_LOADER = "$(TEST_HOST)";
				CODE_SIGN_STYLE = Automatic;
				CURRENT_PROJECT_VERSION = 1;
				DEVELOPMENT_TEAM = F6NHNHM557;
				GENERATE_INFOPLIST_FILE = YES;
				IPHONEOS_DEPLOYMENT_TARGET = 26.0;
				MARKETING_VERSION = 1.0;
				PRODUCT_BUNDLE_IDENTIFIER = "name.colinbutera.COOK-Tests";
				PRODUCT_NAME = "$(TARGET_NAME)";
				STRING_CATALOG_GENERATE_SYMBOLS = NO;
				SWIFT_APPROACHABLE_CONCURRENCY = YES;
				SWIFT_EMIT_LOC_STRINGS = NO;
				SWIFT_UPCOMING_FEATURE_MEMBER_IMPORT_VISIBILITY = YES;
				SWIFT_VERSION = 5.0;
				TARGETED_DEVICE_FAMILY = "1,2";
				TEST_HOST = "$(BUILT_PRODUCTS_DIR)/COOK!.app/$(BUNDLE_EXECUTABLE_FOLDER_PATH)/COOK!";
			};
			name = Release;
		};
		82017E392E95D5C300DB07DF /* Debug */ = {
			isa = XCBuildConfiguration;
			buildSettings = {
				CODE_SIGN_STYLE = Automatic;
				CURRENT_PROJECT_VERSION = 1;
				DEVELOPMENT_TEAM = F6NHNHM557;
				GENERATE_INFOPLIST_FILE = YES;
				MARKETING_VERSION = 1.0;
				PRODUCT_BUNDLE_IDENTIFIER = "name.colinbutera.COOK-UITests";
				PRODUCT_NAME = "$(TARGET_NAME)";
				STRING_CATALOG_GENERATE_SYMBOLS = NO;
				SWIFT_APPROACHABLE_CONCURRENCY = YES;
				SWIFT_EMIT_LOC_STRINGS = NO;
				SWIFT_UPCOMING_FEATURE_MEMBER_IMPORT_VISIBILITY = YES;
				SWIFT_VERSION = 5.0;
				TARGETED_DEVICE_FAMILY = "1,2";
				TEST_TARGET_NAME = "COOK!";
			};
			name = Debug;
		};
		82017E3A2E95D5C300DB07DF /* Release */ = {
			isa = XCBuildConfiguration;
			buildSettings = {
				CODE_SIGN_STYLE = Automatic;
				CURRENT_PROJECT_VERSION = 1;
				DEVELOPMENT_TEAM = F6NHNHM557;
				GENERATE_INFOPLIST_FILE = YES;
				MARKETING_VERSION = 1.0;
				PRODUCT_BUNDLE_IDENTIFIER = "name.colinbutera.COOK-UITests";
				PRODUCT_NAME = "$(TARGET_NAME)";
				STRING_CATALOG_GENERATE_SYMBOLS = NO;
				SWIFT_APPROACHABLE_CONCURRENCY = YES;
				SWIFT_EMIT_LOC_STRINGS = NO;
				SWIFT_UPCOMING_FEATURE_MEMBER_IMPORT_VISIBILITY = YES;
				SWIFT_VERSION = 5.0;
				TARGETED_DEVICE_FAMILY = "1,2";
				TEST_TARGET_NAME = "COOK!";
			};
			name = Release;
		};
/* End XCBuildConfiguration section */

/* Begin XCConfigurationList section */
		82017E0C2E95D5C200DB07DF /* Build configuration list for PBXProject "COOK!" */ = {
			isa = XCConfigurationList;
			buildConfigurations = (
				82017E302E95D5C300DB07DF /* Debug */,
				82017E312E95D5C300DB07DF /* Release */,
			);
			defaultConfigurationIsVisible = 0;
			defaultConfigurationName = Release;
		};
		82017E322E95D5C300DB07DF /* Build configuration list for PBXNativeTarget "COOK!" */ = {
			isa = XCConfigurationList;
			buildConfigurations = (
				82017E332E95D5C300DB07DF /* Debug */,
				82017E342E95D5C300DB07DF /* Release */,
			);
			defaultConfigurationIsVisible = 0;
			defaultConfigurationName = Release;
		};
		82017E352E95D5C300DB07DF /* Build configuration list for PBXNativeTarget "COOK!Tests" */ = {
			isa = XCConfigurationList;
			buildConfigurations = (
				82017E362E95D5C300DB07DF /* Debug */,
				82017E372E95D5C300DB07DF /* Release */,
			);
			defaultConfigurationIsVisible = 0;
			defaultConfigurationName = Release;
		};
		82017E382E95D5C300DB07DF /* Build configuration list for PBXNativeTarget "COOK!UITests" */ = {
			isa = XCConfigurationList;
			buildConfigurations = (
				82017E392E95D5C300DB07DF /* Debug */,
				82017E3A2E95D5C300DB07DF /* Release */,
			);
			defaultConfigurationIsVisible = 0;
			defaultConfigurationName = Release;
		};
/* End XCConfigurationList section */

/* Begin XCRemoteSwiftPackageReference section */
		6141955D2EB2B13500667EA2 /* XCRemoteSwiftPackageReference "firebase-ios-sdk" */ = {
			isa = XCRemoteSwiftPackageReference;
			repositoryURL = "https://github.com/firebase/firebase-ios-sdk";
			requirement = {
				kind = upToNextMajorVersion;
				minimumVersion = 12.5.0;
			};
		};
		7377CDB72ECE5B57000537E1 /* XCRemoteSwiftPackageReference "scanbot-barcode-scanner-sdk-ios-spm" */ = {
			isa = XCRemoteSwiftPackageReference;
			repositoryURL = "https://github.com/doo/scanbot-barcode-scanner-sdk-ios-spm";
			requirement = {
				kind = upToNextMajorVersion;
				minimumVersion = 7.1.4;
			};
		};
/* End XCRemoteSwiftPackageReference section */

/* Begin XCSwiftPackageProductDependency section */
		614195892EB2B2C900667EA2 /* FirebaseAI */ = {
			isa = XCSwiftPackageProductDependency;
			package = 6141955D2EB2B13500667EA2 /* XCRemoteSwiftPackageReference "firebase-ios-sdk" */;
			productName = FirebaseAI;
		};
		6141958B2EB2B2C900667EA2 /* FirebaseAILogic */ = {
			isa = XCSwiftPackageProductDependency;
			package = 6141955D2EB2B13500667EA2 /* XCRemoteSwiftPackageReference "firebase-ios-sdk" */;
			productName = FirebaseAILogic;
		};
		6141958D2EB2B2C900667EA2 /* FirebaseAnalytics */ = {
			isa = XCSwiftPackageProductDependency;
			package = 6141955D2EB2B13500667EA2 /* XCRemoteSwiftPackageReference "firebase-ios-sdk" */;
			productName = FirebaseAnalytics;
		};
		6141958F2EB2B2C900667EA2 /* FirebaseAnalyticsCore */ = {
			isa = XCSwiftPackageProductDependency;
			package = 6141955D2EB2B13500667EA2 /* XCRemoteSwiftPackageReference "firebase-ios-sdk" */;
			productName = FirebaseAnalyticsCore;
		};
		614195912EB2B2C900667EA2 /* FirebaseAnalyticsIdentitySupport */ = {
			isa = XCSwiftPackageProductDependency;
			package = 6141955D2EB2B13500667EA2 /* XCRemoteSwiftPackageReference "firebase-ios-sdk" */;
			productName = FirebaseAnalyticsIdentitySupport;
		};
		614195932EB2B67D00667EA2 /* FirebaseAppCheck */ = {
			isa = XCSwiftPackageProductDependency;
			package = 6141955D2EB2B13500667EA2 /* XCRemoteSwiftPackageReference "firebase-ios-sdk" */;
			productName = FirebaseAppCheck;
		};
		614195952EB2B67D00667EA2 /* FirebaseAppDistribution-Beta */ = {
			isa = XCSwiftPackageProductDependency;
			package = 6141955D2EB2B13500667EA2 /* XCRemoteSwiftPackageReference "firebase-ios-sdk" */;
			productName = "FirebaseAppDistribution-Beta";
		};
		614195972EB2B67D00667EA2 /* FirebaseAuth */ = {
			isa = XCSwiftPackageProductDependency;
			package = 6141955D2EB2B13500667EA2 /* XCRemoteSwiftPackageReference "firebase-ios-sdk" */;
			productName = FirebaseAuth;
		};
		614195992EB2B67D00667EA2 /* FirebaseAuthCombine-Community */ = {
			isa = XCSwiftPackageProductDependency;
			package = 6141955D2EB2B13500667EA2 /* XCRemoteSwiftPackageReference "firebase-ios-sdk" */;
			productName = "FirebaseAuthCombine-Community";
		};
		6141959B2EB2B67D00667EA2 /* FirebaseCore */ = {
			isa = XCSwiftPackageProductDependency;
			package = 6141955D2EB2B13500667EA2 /* XCRemoteSwiftPackageReference "firebase-ios-sdk" */;
			productName = FirebaseCore;
		};
		6141959D2EB2B67D00667EA2 /* FirebaseCrashlytics */ = {
			isa = XCSwiftPackageProductDependency;
			package = 6141955D2EB2B13500667EA2 /* XCRemoteSwiftPackageReference "firebase-ios-sdk" */;
			productName = FirebaseCrashlytics;
		};
		6141959F2EB2B67D00667EA2 /* FirebaseDatabase */ = {
			isa = XCSwiftPackageProductDependency;
			package = 6141955D2EB2B13500667EA2 /* XCRemoteSwiftPackageReference "firebase-ios-sdk" */;
			productName = FirebaseDatabase;
		};
		614195A12EB2B67D00667EA2 /* FirebaseFirestore */ = {
			isa = XCSwiftPackageProductDependency;
			package = 6141955D2EB2B13500667EA2 /* XCRemoteSwiftPackageReference "firebase-ios-sdk" */;
			productName = FirebaseFirestore;
		};
		614195A32EB2B67D00667EA2 /* FirebaseFirestoreCombine-Community */ = {
			isa = XCSwiftPackageProductDependency;
			package = 6141955D2EB2B13500667EA2 /* XCRemoteSwiftPackageReference "firebase-ios-sdk" */;
			productName = "FirebaseFirestoreCombine-Community";
		};
		614195A52EB2B67D00667EA2 /* FirebaseFunctions */ = {
			isa = XCSwiftPackageProductDependency;
			package = 6141955D2EB2B13500667EA2 /* XCRemoteSwiftPackageReference "firebase-ios-sdk" */;
			productName = FirebaseFunctions;
		};
		614195A72EB2B67D00667EA2 /* FirebaseFunctionsCombine-Community */ = {
			isa = XCSwiftPackageProductDependency;
			package = 6141955D2EB2B13500667EA2 /* XCRemoteSwiftPackageReference "firebase-ios-sdk" */;
			productName = "FirebaseFunctionsCombine-Community";
		};
		614195A92EB2B67D00667EA2 /* FirebaseInAppMessaging-Beta */ = {
			isa = XCSwiftPackageProductDependency;
			package = 6141955D2EB2B13500667EA2 /* XCRemoteSwiftPackageReference "firebase-ios-sdk" */;
			productName = "FirebaseInAppMessaging-Beta";
		};
		614195AB2EB2B67D00667EA2 /* FirebaseInstallations */ = {
			isa = XCSwiftPackageProductDependency;
			package = 6141955D2EB2B13500667EA2 /* XCRemoteSwiftPackageReference "firebase-ios-sdk" */;
			productName = FirebaseInstallations;
		};
		614195AD2EB2B67D00667EA2 /* FirebaseMLModelDownloader */ = {
			isa = XCSwiftPackageProductDependency;
			package = 6141955D2EB2B13500667EA2 /* XCRemoteSwiftPackageReference "firebase-ios-sdk" */;
			productName = FirebaseMLModelDownloader;
		};
		614195AF2EB2B67D00667EA2 /* FirebaseMessaging */ = {
			isa = XCSwiftPackageProductDependency;
			package = 6141955D2EB2B13500667EA2 /* XCRemoteSwiftPackageReference "firebase-ios-sdk" */;
			productName = FirebaseMessaging;
		};
		614195B12EB2B67D00667EA2 /* FirebasePerformance */ = {
			isa = XCSwiftPackageProductDependency;
			package = 6141955D2EB2B13500667EA2 /* XCRemoteSwiftPackageReference "firebase-ios-sdk" */;
			productName = FirebasePerformance;
		};
		614195B32EB2B67D00667EA2 /* FirebaseRemoteConfig */ = {
			isa = XCSwiftPackageProductDependency;
			package = 6141955D2EB2B13500667EA2 /* XCRemoteSwiftPackageReference "firebase-ios-sdk" */;
			productName = FirebaseRemoteConfig;
		};
		614195B52EB2B67D00667EA2 /* FirebaseStorage */ = {
			isa = XCSwiftPackageProductDependency;
			package = 6141955D2EB2B13500667EA2 /* XCRemoteSwiftPackageReference "firebase-ios-sdk" */;
			productName = FirebaseStorage;
		};
		614195B72EB2B67D00667EA2 /* FirebaseStorageCombine-Community */ = {
			isa = XCSwiftPackageProductDependency;
			package = 6141955D2EB2B13500667EA2 /* XCRemoteSwiftPackageReference "firebase-ios-sdk" */;
			productName = "FirebaseStorageCombine-Community";
		};
		7377CDB82ECE5B57000537E1 /* ScanbotBarcodeScannerSDK */ = {
			isa = XCSwiftPackageProductDependency;
			package = 7377CDB72ECE5B57000537E1 /* XCRemoteSwiftPackageReference "scanbot-barcode-scanner-sdk-ios-spm" */;
			productName = ScanbotBarcodeScannerSDK;
		};
		828B200C2ECCF24700049D12 /* FirebaseFirestore */ = {
			isa = XCSwiftPackageProductDependency;
			productName = FirebaseFirestore;
		};
		828B200E2ECCF24700049D12 /* FirebaseFirestoreCombine-Community */ = {
			isa = XCSwiftPackageProductDependency;
			productName = "FirebaseFirestoreCombine-Community";
		};
		828B20102ECCF3ED00049D12 /* FirebaseAuth */ = {
			isa = XCSwiftPackageProductDependency;
			productName = FirebaseAuth;
		};
		828B20122ECCF3ED00049D12 /* FirebaseAuthCombine-Community */ = {
			isa = XCSwiftPackageProductDependency;
			productName = "FirebaseAuthCombine-Community";
		};
/* End XCSwiftPackageProductDependency section */
	};
	rootObject = 82017E092E95D5C200DB07DF /* Project object */;
}
